// !$*UTF8*$!
{
	archiveVersion = 1;
	classes = {
	};
	objectVersion = 46;
	objects = {

/* Begin PBXBuildFile section */
		8C5F7D241D72E237000E67FF /* AppDelegate.swift in Sources */ = {isa = PBXBuildFile; fileRef = 8C5F7D231D72E237000E67FF /* AppDelegate.swift */; };
		8C5F7D261D72E237000E67FF /* ViewController.swift in Sources */ = {isa = PBXBuildFile; fileRef = 8C5F7D251D72E237000E67FF /* ViewController.swift */; };
		8C5F7D291D72E237000E67FF /* Main.storyboard in Resources */ = {isa = PBXBuildFile; fileRef = 8C5F7D271D72E237000E67FF /* Main.storyboard */; };
		8C5F7D2C1D72E237000E67FF /* MEME.xcdatamodeld in Sources */ = {isa = PBXBuildFile; fileRef = 8C5F7D2A1D72E237000E67FF /* MEME.xcdatamodeld */; };
		8C5F7D2E1D72E237000E67FF /* Assets.xcassets in Resources */ = {isa = PBXBuildFile; fileRef = 8C5F7D2D1D72E237000E67FF /* Assets.xcassets */; };
		8C5F7D311D72E237000E67FF /* LaunchScreen.storyboard in Resources */ = {isa = PBXBuildFile; fileRef = 8C5F7D2F1D72E237000E67FF /* LaunchScreen.storyboard */; };
		8C5F7D3C1D72E238000E67FF /* MEMETests.swift in Sources */ = {isa = PBXBuildFile; fileRef = 8C5F7D3B1D72E238000E67FF /* MEMETests.swift */; };
		8C5F7D471D72E238000E67FF /* MEMEUITests.swift in Sources */ = {isa = PBXBuildFile; fileRef = 8C5F7D461D72E238000E67FF /* MEMEUITests.swift */; };
/* End PBXBuildFile section */

/* Begin PBXContainerItemProxy section */
		8C5F7D381D72E238000E67FF /* PBXContainerItemProxy */ = {
			isa = PBXContainerItemProxy;
			containerPortal = 8C5F7D181D72E237000E67FF /* Project object */;
			proxyType = 1;
			remoteGlobalIDString = 8C5F7D1F1D72E237000E67FF;
			remoteInfo = MEME;
		};
		8C5F7D431D72E238000E67FF /* PBXContainerItemProxy */ = {
			isa = PBXContainerItemProxy;
			containerPortal = 8C5F7D181D72E237000E67FF /* Project object */;
			proxyType = 1;
			remoteGlobalIDString = 8C5F7D1F1D72E237000E67FF;
			remoteInfo = MEME;
		};
/* End PBXContainerItemProxy section */

/* Begin PBXFileReference section */
		8C5F7D201D72E237000E67FF /* MEME.app */ = {isa = PBXFileReference; explicitFileType = wrapper.application; includeInIndex = 0; path = MEME.app; sourceTree = BUILT_PRODUCTS_DIR; };
		8C5F7D231D72E237000E67FF /* AppDelegate.swift */ = {isa = PBXFileReference; lastKnownFileType = sourcecode.swift; path = AppDelegate.swift; sourceTree = "<group>"; };
		8C5F7D251D72E237000E67FF /* ViewController.swift */ = {isa = PBXFileReference; lastKnownFileType = sourcecode.swift; path = ViewController.swift; sourceTree = "<group>"; };
		8C5F7D281D72E237000E67FF /* Base */ = {isa = PBXFileReference; lastKnownFileType = file.storyboard; name = Base; path = Base.lproj/Main.storyboard; sourceTree = "<group>"; };
		8C5F7D2B1D72E237000E67FF /* MEME.xcdatamodel */ = {isa = PBXFileReference; lastKnownFileType = wrapper.xcdatamodel; path = MEME.xcdatamodel; sourceTree = "<group>"; };
		8C5F7D2D1D72E237000E67FF /* Assets.xcassets */ = {isa = PBXFileReference; lastKnownFileType = folder.assetcatalog; path = Assets.xcassets; sourceTree = "<group>"; };
		8C5F7D301D72E237000E67FF /* Base */ = {isa = PBXFileReference; lastKnownFileType = file.storyboard; name = Base; path = Base.lproj/LaunchScreen.storyboard; sourceTree = "<group>"; };
		8C5F7D321D72E237000E67FF /* Info.plist */ = {isa = PBXFileReference; lastKnownFileType = text.plist.xml; path = Info.plist; sourceTree = "<group>"; };
		8C5F7D371D72E238000E67FF /* MEMETests.xctest */ = {isa = PBXFileReference; explicitFileType = wrapper.cfbundle; includeInIndex = 0; path = MEMETests.xctest; sourceTree = BUILT_PRODUCTS_DIR; };
		8C5F7D3B1D72E238000E67FF /* MEMETests.swift */ = {isa = PBXFileReference; lastKnownFileType = sourcecode.swift; path = MEMETests.swift; sourceTree = "<group>"; };
		8C5F7D3D1D72E238000E67FF /* Info.plist */ = {isa = PBXFileReference; lastKnownFileType = text.plist.xml; path = Info.plist; sourceTree = "<group>"; };
		8C5F7D421D72E238000E67FF /* MEMEUITests.xctest */ = {isa = PBXFileReference; explicitFileType = wrapper.cfbundle; includeInIndex = 0; path = MEMEUITests.xctest; sourceTree = BUILT_PRODUCTS_DIR; };
		8C5F7D461D72E238000E67FF /* MEMEUITests.swift */ = {isa = PBXFileReference; lastKnownFileType = sourcecode.swift; path = MEMEUITests.swift; sourceTree = "<group>"; };
		8C5F7D481D72E238000E67FF /* Info.plist */ = {isa = PBXFileReference; lastKnownFileType = text.plist.xml; path = Info.plist; sourceTree = "<group>"; };
/* End PBXFileReference section */

/* Begin PBXFrameworksBuildPhase section */
		8C5F7D1D1D72E237000E67FF /* Frameworks */ = {
			isa = PBXFrameworksBuildPhase;
			buildActionMask = 2147483647;
			files = (
			);
			runOnlyForDeploymentPostprocessing = 0;
		};
		8C5F7D341D72E238000E67FF /* Frameworks */ = {
			isa = PBXFrameworksBuildPhase;
			buildActionMask = 2147483647;
			files = (
			);
			runOnlyForDeploymentPostprocessing = 0;
		};
		8C5F7D3F1D72E238000E67FF /* Frameworks */ = {
			isa = PBXFrameworksBuildPhase;
			buildActionMask = 2147483647;
			files = (
			);
			runOnlyForDeploymentPostprocessing = 0;
		};
/* End PBXFrameworksBuildPhase section */

/* Begin PBXGroup section */
		8C5F7D171D72E237000E67FF = {
			isa = PBXGroup;
			children = (
				8C5F7D221D72E237000E67FF /* MEME */,
				8C5F7D3A1D72E238000E67FF /* MEMETests */,
				8C5F7D451D72E238000E67FF /* MEMEUITests */,
				8C5F7D211D72E237000E67FF /* Products */,
			);
			sourceTree = "<group>";
		};
		8C5F7D211D72E237000E67FF /* Products */ = {
			isa = PBXGroup;
			children = (
				8C5F7D201D72E237000E67FF /* MEME.app */,
				8C5F7D371D72E238000E67FF /* MEMETests.xctest */,
				8C5F7D421D72E238000E67FF /* MEMEUITests.xctest */,
			);
			name = Products;
			sourceTree = "<group>";
		};
		8C5F7D221D72E237000E67FF /* MEME */ = {
			isa = PBXGroup;
			children = (
				8C5F7D231D72E237000E67FF /* AppDelegate.swift */,
				8C5F7D251D72E237000E67FF /* ViewController.swift */,
				8C5F7D271D72E237000E67FF /* Main.storyboard */,
				8C5F7D2D1D72E237000E67FF /* Assets.xcassets */,
				8C5F7D2F1D72E237000E67FF /* LaunchScreen.storyboard */,
				8C5F7D321D72E237000E67FF /* Info.plist */,
				8C5F7D2A1D72E237000E67FF /* MEME.xcdatamodeld */,
			);
			path = MEME;
			sourceTree = "<group>";
		};
		8C5F7D3A1D72E238000E67FF /* MEMETests */ = {
			isa = PBXGroup;
			children = (
				8C5F7D3B1D72E238000E67FF /* MEMETests.swift */,
				8C5F7D3D1D72E238000E67FF /* Info.plist */,
			);
			path = MEMETests;
			sourceTree = "<group>";
		};
		8C5F7D451D72E238000E67FF /* MEMEUITests */ = {
			isa = PBXGroup;
			children = (
				8C5F7D461D72E238000E67FF /* MEMEUITests.swift */,
				8C5F7D481D72E238000E67FF /* Info.plist */,
			);
			path = MEMEUITests;
			sourceTree = "<group>";
		};
/* End PBXGroup section */

/* Begin PBXNativeTarget section */
		8C5F7D1F1D72E237000E67FF /* MEME */ = {
			isa = PBXNativeTarget;
			buildConfigurationList = 8C5F7D4B1D72E238000E67FF /* Build configuration list for PBXNativeTarget "MEME" */;
			buildPhases = (
				8C5F7D1C1D72E237000E67FF /* Sources */,
				8C5F7D1D1D72E237000E67FF /* Frameworks */,
				8C5F7D1E1D72E237000E67FF /* Resources */,
			);
			buildRules = (
			);
			dependencies = (
			);
			name = MEME;
			productName = MEME;
			productReference = 8C5F7D201D72E237000E67FF /* MEME.app */;
			productType = "com.apple.product-type.application";
		};
		8C5F7D361D72E238000E67FF /* MEMETests */ = {
			isa = PBXNativeTarget;
			buildConfigurationList = 8C5F7D4E1D72E238000E67FF /* Build configuration list for PBXNativeTarget "MEMETests" */;
			buildPhases = (
				8C5F7D331D72E238000E67FF /* Sources */,
				8C5F7D341D72E238000E67FF /* Frameworks */,
				8C5F7D351D72E238000E67FF /* Resources */,
			);
			buildRules = (
			);
			dependencies = (
				8C5F7D391D72E238000E67FF /* PBXTargetDependency */,
			);
			name = MEMETests;
			productName = MEMETests;
			productReference = 8C5F7D371D72E238000E67FF /* MEMETests.xctest */;
			productType = "com.apple.product-type.bundle.unit-test";
		};
		8C5F7D411D72E238000E67FF /* MEMEUITests */ = {
			isa = PBXNativeTarget;
			buildConfigurationList = 8C5F7D511D72E238000E67FF /* Build configuration list for PBXNativeTarget "MEMEUITests" */;
			buildPhases = (
				8C5F7D3E1D72E238000E67FF /* Sources */,
				8C5F7D3F1D72E238000E67FF /* Frameworks */,
				8C5F7D401D72E238000E67FF /* Resources */,
			);
			buildRules = (
			);
			dependencies = (
				8C5F7D441D72E238000E67FF /* PBXTargetDependency */,
			);
			name = MEMEUITests;
			productName = MEMEUITests;
			productReference = 8C5F7D421D72E238000E67FF /* MEMEUITests.xctest */;
			productType = "com.apple.product-type.bundle.ui-testing";
		};
/* End PBXNativeTarget section */

/* Begin PBXProject section */
		8C5F7D181D72E237000E67FF /* Project object */ = {
			isa = PBXProject;
			attributes = {
				LastSwiftUpdateCheck = 0710;
				LastUpgradeCheck = 0710;
				ORGANIZATIONNAME = Me;
				TargetAttributes = {
					8C5F7D1F1D72E237000E67FF = {
						CreatedOnToolsVersion = 7.1.1;
						DevelopmentTeam = 68NEJ8TATP;
					};
					8C5F7D361D72E238000E67FF = {
						CreatedOnToolsVersion = 7.1.1;
						DevelopmentTeam = 68NEJ8TATP;
						TestTargetID = 8C5F7D1F1D72E237000E67FF;
					};
					8C5F7D411D72E238000E67FF = {
						CreatedOnToolsVersion = 7.1.1;
						DevelopmentTeam = 68NEJ8TATP;
						TestTargetID = 8C5F7D1F1D72E237000E67FF;
					};
				};
			};
			buildConfigurationList = 8C5F7D1B1D72E237000E67FF /* Build configuration list for PBXProject "MEME" */;
			compatibilityVersion = "Xcode 3.2";
			developmentRegion = English;
			hasScannedForEncodings = 0;
			knownRegions = (
				en,
				Base,
			);
			mainGroup = 8C5F7D171D72E237000E67FF;
			productRefGroup = 8C5F7D211D72E237000E67FF /* Products */;
			projectDirPath = "";
			projectRoot = "";
			targets = (
				8C5F7D1F1D72E237000E67FF /* MEME */,
				8C5F7D361D72E238000E67FF /* MEMETests */,
				8C5F7D411D72E238000E67FF /* MEMEUITests */,
			);
		};
/* End PBXProject section */

/* Begin PBXResourcesBuildPhase section */
		8C5F7D1E1D72E237000E67FF /* Resources */ = {
			isa = PBXResourcesBuildPhase;
			buildActionMask = 2147483647;
			files = (
				8C5F7D311D72E237000E67FF /* LaunchScreen.storyboard in Resources */,
				8C5F7D2E1D72E237000E67FF /* Assets.xcassets in Resources */,
				8C5F7D291D72E237000E67FF /* Main.storyboard in Resources */,
			);
			runOnlyForDeploymentPostprocessing = 0;
		};
		8C5F7D351D72E238000E67FF /* Resources */ = {
			isa = PBXResourcesBuildPhase;
			buildActionMask = 2147483647;
			files = (
			);
			runOnlyForDeploymentPostprocessing = 0;
		};
		8C5F7D401D72E238000E67FF /* Resources */ = {
			isa = PBXResourcesBuildPhase;
			buildActionMask = 2147483647;
			files = (
			);
			runOnlyForDeploymentPostprocessing = 0;
		};
/* End PBXResourcesBuildPhase section */

/* Begin PBXSourcesBuildPhase section */
		8C5F7D1C1D72E237000E67FF /* Sources */ = {
			isa = PBXSourcesBuildPhase;
			buildActionMask = 2147483647;
			files = (
				8C5F7D261D72E237000E67FF /* ViewController.swift in Sources */,
				8C5F7D241D72E237000E67FF /* AppDelegate.swift in Sources */,
				8C5F7D2C1D72E237000E67FF /* MEME.xcdatamodeld in Sources */,
			);
			runOnlyForDeploymentPostprocessing = 0;
		};
		8C5F7D331D72E238000E67FF /* Sources */ = {
			isa = PBXSourcesBuildPhase;
			buildActionMask = 2147483647;
			files = (
				8C5F7D3C1D72E238000E67FF /* MEMETests.swift in Sources */,
			);
			runOnlyForDeploymentPostprocessing = 0;
		};
		8C5F7D3E1D72E238000E67FF /* Sources */ = {
			isa = PBXSourcesBuildPhase;
			buildActionMask = 2147483647;
			files = (
				8C5F7D471D72E238000E67FF /* MEMEUITests.swift in Sources */,
			);
			runOnlyForDeploymentPostprocessing = 0;
		};
/* End PBXSourcesBuildPhase section */

/* Begin PBXTargetDependency section */
		8C5F7D391D72E238000E67FF /* PBXTargetDependency */ = {
			isa = PBXTargetDependency;
			target = 8C5F7D1F1D72E237000E67FF /* MEME */;
			targetProxy = 8C5F7D381D72E238000E67FF /* PBXContainerItemProxy */;
		};
		8C5F7D441D72E238000E67FF /* PBXTargetDependency */ = {
			isa = PBXTargetDependency;
			target = 8C5F7D1F1D72E237000E67FF /* MEME */;
			targetProxy = 8C5F7D431D72E238000E67FF /* PBXContainerItemProxy */;
		};
/* End PBXTargetDependency section */

/* Begin PBXVariantGroup section */
		8C5F7D271D72E237000E67FF /* Main.storyboard */ = {
			isa = PBXVariantGroup;
			children = (
				8C5F7D281D72E237000E67FF /* Base */,
			);
			name = Main.storyboard;
			sourceTree = "<group>";
		};
		8C5F7D2F1D72E237000E67FF /* LaunchScreen.storyboard */ = {
			isa = PBXVariantGroup;
			children = (
				8C5F7D301D72E237000E67FF /* Base */,
			);
			name = LaunchScreen.storyboard;
			sourceTree = "<group>";
		};
/* End PBXVariantGroup section */

/* Begin XCBuildConfiguration section */
		8C5F7D491D72E238000E67FF /* Debug */ = {
			isa = XCBuildConfiguration;
			buildSettings = {
				ALWAYS_SEARCH_USER_PATHS = NO;
				CLANG_CXX_LANGUAGE_STANDARD = "gnu++0x";
				CLANG_CXX_LIBRARY = "libc++";
				CLANG_ENABLE_MODULES = YES;
				CLANG_ENABLE_OBJC_ARC = YES;
				CLANG_WARN_BOOL_CONVERSION = YES;
				CLANG_WARN_CONSTANT_CONVERSION = YES;
				CLANG_WARN_DIRECT_OBJC_ISA_USAGE = YES_ERROR;
				CLANG_WARN_EMPTY_BODY = YES;
				CLANG_WARN_ENUM_CONVERSION = YES;
				CLANG_WARN_INT_CONVERSION = YES;
				CLANG_WARN_OBJC_ROOT_CLASS = YES_ERROR;
				CLANG_WARN_UNREACHABLE_CODE = YES;
				CLANG_WARN__DUPLICATE_METHOD_MATCH = YES;
				"CODE_SIGN_IDENTITY[sdk=iphoneos*]" = "iPhone Developer";
				COPY_PHASE_STRIP = NO;
				DEBUG_INFORMATION_FORMAT = dwarf;
				ENABLE_STRICT_OBJC_MSGSEND = YES;
				ENABLE_TESTABILITY = YES;
				GCC_C_LANGUAGE_STANDARD = gnu99;
				GCC_DYNAMIC_NO_PIC = NO;
				GCC_NO_COMMON_BLOCKS = YES;
				GCC_OPTIMIZATION_LEVEL = 0;
				GCC_PREPROCESSOR_DEFINITIONS = (
					"DEBUG=1",
					"$(inherited)",
				);
				GCC_WARN_64_TO_32_BIT_CONVERSION = YES;
				GCC_WARN_ABOUT_RETURN_TYPE = YES_ERROR;
				GCC_WARN_UNDECLARED_SELECTOR = YES;
				GCC_WARN_UNINITIALIZED_AUTOS = YES_AGGRESSIVE;
				GCC_WARN_UNUSED_FUNCTION = YES;
				GCC_WARN_UNUSED_VARIABLE = YES;
				IPHONEOS_DEPLOYMENT_TARGET = 9.1;
				MTL_ENABLE_DEBUG_INFO = YES;
				ONLY_ACTIVE_ARCH = YES;
				SDKROOT = iphoneos;
				SWIFT_OPTIMIZATION_LEVEL = "-Onone";
				TARGETED_DEVICE_FAMILY = "1,2";
			};
			name = Debug;
		};
		8C5F7D4A1D72E238000E67FF /* Release */ = {
			isa = XCBuildConfiguration;
			buildSettings = {
				ALWAYS_SEARCH_USER_PATHS = NO;
				CLANG_CXX_LANGUAGE_STANDARD = "gnu++0x";
				CLANG_CXX_LIBRARY = "libc++";
				CLANG_ENABLE_MODULES = YES;
				CLANG_ENABLE_OBJC_ARC = YES;
				CLANG_WARN_BOOL_CONVERSION = YES;
				CLANG_WARN_CONSTANT_CONVERSION = YES;
				CLANG_WARN_DIRECT_OBJC_ISA_USAGE = YES_ERROR;
				CLANG_WARN_EMPTY_BODY = YES;
				CLANG_WARN_ENUM_CONVERSION = YES;
				CLANG_WARN_INT_CONVERSION = YES;
				CLANG_WARN_OBJC_ROOT_CLASS = YES_ERROR;
				CLANG_WARN_UNREACHABLE_CODE = YES;
				CLANG_WARN__DUPLICATE_METHOD_MATCH = YES;
				"CODE_SIGN_IDENTITY[sdk=iphoneos*]" = "iPhone Developer";
				COPY_PHASE_STRIP = NO;
				DEBUG_INFORMATION_FORMAT = "dwarf-with-dsym";
				ENABLE_NS_ASSERTIONS = NO;
				ENABLE_STRICT_OBJC_MSGSEND = YES;
				GCC_C_LANGUAGE_STANDARD = gnu99;
				GCC_NO_COMMON_BLOCKS = YES;
				GCC_WARN_64_TO_32_BIT_CONVERSION = YES;
				GCC_WARN_ABOUT_RETURN_TYPE = YES_ERROR;
				GCC_WARN_UNDECLARED_SELECTOR = YES;
				GCC_WARN_UNINITIALIZED_AUTOS = YES_AGGRESSIVE;
				GCC_WARN_UNUSED_FUNCTION = YES;
				GCC_WARN_UNUSED_VARIABLE = YES;
				IPHONEOS_DEPLOYMENT_TARGET = 9.1;
				MTL_ENABLE_DEBUG_INFO = NO;
				SDKROOT = iphoneos;
				TARGETED_DEVICE_FAMILY = "1,2";
				VALIDATE_PRODUCT = YES;
			};
			name = Release;
		};
		8C5F7D4C1D72E238000E67FF /* Debug */ = {
			isa = XCBuildConfiguration;
			buildSettings = {
				ASSETCATALOG_COMPILER_APPICON_NAME = AppIcon;
				INFOPLIST_FILE = MEME/Info.plist;
				LD_RUNPATH_SEARCH_PATHS = "$(inherited) @executable_path/Frameworks";
				PRODUCT_BUNDLE_IDENTIFIER = yo.MEME;
				PRODUCT_NAME = "$(TARGET_NAME)";
			};
			name = Debug;
		};
		8C5F7D4D1D72E238000E67FF /* Release */ = {
			isa = XCBuildConfiguration;
			buildSettings = {
				ASSETCATALOG_COMPILER_APPICON_NAME = AppIcon;
				INFOPLIST_FILE = MEME/Info.plist;
				LD_RUNPATH_SEARCH_PATHS = "$(inherited) @executable_path/Frameworks";
				PRODUCT_BUNDLE_IDENTIFIER = yo.MEME;
				PRODUCT_NAME = "$(TARGET_NAME)";
			};
			name = Release;
		};
		8C5F7D4F1D72E238000E67FF /* Debug */ = {
			isa = XCBuildConfiguration;
			buildSettings = {
				BUNDLE_LOADER = "$(TEST_HOST)";
				INFOPLIST_FILE = MEMETests/Info.plist;
				LD_RUNPATH_SEARCH_PATHS = "$(inherited) @executable_path/Frameworks @loader_path/Frameworks";
				PRODUCT_BUNDLE_IDENTIFIER = yo.MEMETests;
				PRODUCT_NAME = "$(TARGET_NAME)";
				TEST_HOST = "$(BUILT_PRODUCTS_DIR)/MEME.app/MEME";
			};
			name = Debug;
		};
		8C5F7D501D72E238000E67FF /* Release */ = {
			isa = XCBuildConfiguration;
			buildSettings = {
				BUNDLE_LOADER = "$(TEST_HOST)";
				INFOPLIST_FILE = MEMETests/Info.plist;
				LD_RUNPATH_SEARCH_PATHS = "$(inherited) @executable_path/Frameworks @loader_path/Frameworks";
				PRODUCT_BUNDLE_IDENTIFIER = yo.MEMETests;
				PRODUCT_NAME = "$(TARGET_NAME)";
				TEST_HOST = "$(BUILT_PRODUCTS_DIR)/MEME.app/MEME";
			};
			name = Release;
		};
		8C5F7D521D72E238000E67FF /* Debug */ = {
			isa = XCBuildConfiguration;
			buildSettings = {
				INFOPLIST_FILE = MEMEUITests/Info.plist;
				LD_RUNPATH_SEARCH_PATHS = "$(inherited) @executable_path/Frameworks @loader_path/Frameworks";
				PRODUCT_BUNDLE_IDENTIFIER = yo.MEMEUITests;
				PRODUCT_NAME = "$(TARGET_NAME)";
				TEST_TARGET_NAME = MEME;
				USES_XCTRUNNER = YES;
			};
			name = Debug;
		};
		8C5F7D531D72E238000E67FF /* Release */ = {
			isa = XCBuildConfiguration;
			buildSettings = {
				INFOPLIST_FILE = MEMEUITests/Info.plist;
				LD_RUNPATH_SEARCH_PATHS = "$(inherited) @executable_path/Frameworks @loader_path/Frameworks";
				PRODUCT_BUNDLE_IDENTIFIER = yo.MEMEUITests;
				PRODUCT_NAME = "$(TARGET_NAME)";
				TEST_TARGET_NAME = MEME;
				USES_XCTRUNNER = YES;
			};
			name = Release;
		};
/* End XCBuildConfiguration section */

/* Begin XCConfigurationList section */
		8C5F7D1B1D72E237000E67FF /* Build configuration list for PBXProject "MEME" */ = {
			isa = XCConfigurationList;
			buildConfigurations = (
				8C5F7D491D72E238000E67FF /* Debug */,
				8C5F7D4A1D72E238000E67FF /* Release */,
			);
			defaultConfigurationIsVisible = 0;
			defaultConfigurationName = Release;
		};
		8C5F7D4B1D72E238000E67FF /* Build configuration list for PBXNativeTarget "MEME" */ = {
			isa = XCConfigurationList;
			buildConfigurations = (
				8C5F7D4C1D72E238000E67FF /* Debug */,
				8C5F7D4D1D72E238000E67FF /* Release */,
			);
			defaultConfigurationIsVisible = 0;
		};
		8C5F7D4E1D72E238000E67FF /* Build configuration list for PBXNativeTarget "MEMETests" */ = {
			isa = XCConfigurationList;
			buildConfigurations = (
				8C5F7D4F1D72E238000E67FF /* Debug */,
				8C5F7D501D72E238000E67FF /* Release */,
			);
			defaultConfigurationIsVisible = 0;
		};
		8C5F7D511D72E238000E67FF /* Build configuration list for PBXNativeTarget "MEMEUITests" */ = {
			isa = XCConfigurationList;
			buildConfigurations = (
				8C5F7D521D72E238000E67FF /* Debug */,
				8C5F7D531D72E238000E67FF /* Release */,
			);
			defaultConfigurationIsVisible = 0;
		};
/* End XCConfigurationList section */

/* Begin XCVersionGroup section */
		8C5F7D2A1D72E237000E67FF /* MEME.xcdatamodeld */ = {
			isa = XCVersionGroup;
			children = (
				8C5F7D2B1D72E237000E67FF /* MEME.xcdatamodel */,
			);
			currentVersion = 8C5F7D2B1D72E237000E67FF /* MEME.xcdatamodel */;
			path = MEME.xcdatamodeld;
			sourceTree = "<group>";
			versionGroupType = wrapper.xcdatamodel;
		};
/* End XCVersionGroup section */
	};
	rootObject = 8C5F7D181D72E237000E67FF /* Project object */;
}
